
Microsoft Visual Studio Solution File, Format Version 12.00
# Visual Studio Version 16
VisualStudioVersion = 16.0.31321.278
MinimumVisualStudioVersion = 10.0.40219.1
Project("{FAE04EC0-301F-11D3-BF4B-00C04F79EFBC}") = "ConsoleApp1практика", "ConsoleApp1практика\ConsoleApp1практика.csproj", "{5ABF79A0-754B-404E-962B-F0C0E4C57C16}"
EndProject
Global
	GlobalSection(SolutionConfigurationPlatforms) = preSolution
		Debug|Any CPU = Debug|Any CPU
		Release|Any CPU = Release|Any CPU
	EndGlobalSection
	GlobalSection(ProjectConfigurationPlatforms) = postSolution
		{5ABF79A0-754B-404E-962B-F0C0E4C57C16}.Debug|Any CPU.ActiveCfg = Debug|Any CPU
		{5ABF79A0-754B-404E-962B-F0C0E4C57C16}.Debug|Any CPU.Build.0 = Debug|Any CPU
		{5ABF79A0-754B-404E-962B-F0C0E4C57C16}.Release|Any CPU.ActiveCfg = Release|Any CPU
		{5ABF79A0-754B-404E-962B-F0C0E4C57C16}.Release|Any CPU.Build.0 = Release|Any CPU
	EndGlobalSection
	GlobalSection(SolutionProperties) = preSolution
		HideSolutionNode = FALSE
	EndGlobalSection
	GlobalSection(ExtensibilityGlobals) = postSolution
		SolutionGuid = {D145F015-CC69-49D2-BE05-69ED2CDD4BE6}
	EndGlobalSection
EndGlobal
